
Microsoft Visual Studio Solution File, Format Version 12.00
# Visual Studio Version 16
VisualStudioVersion = 16.0.30523.141
MinimumVisualStudioVersion = 10.0.40219.1
Project("{FAE04EC0-301F-11D3-BF4B-00C04F79EFBC}") = "BakalarkaServer", "BakalarkaServer\BakalarkaServer.csproj", "{2B6F467A-0E70-41BC-B874-2D990D3ED1EF}"
EndProject
Global
	GlobalSection(SolutionConfigurationPlatforms) = preSolution
		Debug|Any CPU = Debug|Any CPU
		Release|Any CPU = Release|Any CPU
	EndGlobalSection
	GlobalSection(ProjectConfigurationPlatforms) = postSolution
		{2B6F467A-0E70-41BC-B874-2D990D3ED1EF}.Debug|Any CPU.ActiveCfg = Debug|Any CPU
		{2B6F467A-0E70-41BC-B874-2D990D3ED1EF}.Debug|Any CPU.Build.0 = Debug|Any CPU
		{2B6F467A-0E70-41BC-B874-2D990D3ED1EF}.Release|Any CPU.ActiveCfg = Release|Any CPU
		{2B6F467A-0E70-41BC-B874-2D990D3ED1EF}.Release|Any CPU.Build.0 = Release|Any CPU
	EndGlobalSection
	GlobalSection(SolutionProperties) = preSolution
		HideSolutionNode = FALSE
	EndGlobalSection
	GlobalSection(ExtensibilityGlobals) = postSolution
		SolutionGuid = {9548CF97-6E7D-4A91-85A0-9FAEBB6E6F99}
	EndGlobalSection
EndGlobal
